// !$*UTF8*$!
{
	archiveVersion = 1;
	classes = {
	};
	objectVersion = 55;
	objects = {

/* Begin PBXBuildFile section */
		F460FCDA26C58592009732E2 /* NCCRApp.swift in Sources */ = {isa = PBXBuildFile; fileRef = F460FCD926C58592009732E2 /* NCCRApp.swift */; };
		F460FCDE26C58594009732E2 /* Assets.xcassets in Resources */ = {isa = PBXBuildFile; fileRef = F460FCDD26C58594009732E2 /* Assets.xcassets */; };
		F460FCEE26C58615009732E2 /* Main.xcdatamodeld in Sources */ = {isa = PBXBuildFile; fileRef = F460FCEC26C58615009732E2 /* Main.xcdatamodeld */; };
		F460FD0326C58835009732E2 /* AboutView.swift in Sources */ = {isa = PBXBuildFile; fileRef = F460FCF426C58835009732E2 /* AboutView.swift */; };
		F460FD0426C58835009732E2 /* MapSettings.swift in Sources */ = {isa = PBXBuildFile; fileRef = F460FCF526C58835009732E2 /* MapSettings.swift */; };
		F460FD0526C58835009732E2 /* ActionBar.swift in Sources */ = {isa = PBXBuildFile; fileRef = F460FCF626C58835009732E2 /* ActionBar.swift */; };
		F460FD0626C58835009732E2 /* TipView.swift in Sources */ = {isa = PBXBuildFile; fileRef = F460FCF726C58835009732E2 /* TipView.swift */; };
		F460FD0726C58835009732E2 /* SettingsView.swift in Sources */ = {isa = PBXBuildFile; fileRef = F460FCF826C58835009732E2 /* SettingsView.swift */; };
		F460FD0826C58835009732E2 /* InfoView.swift in Sources */ = {isa = PBXBuildFile; fileRef = F460FCF926C58835009732E2 /* InfoView.swift */; };
		F460FD0926C58835009732E2 /* Spinner.swift in Sources */ = {isa = PBXBuildFile; fileRef = F460FCFA26C58835009732E2 /* Spinner.swift */; };
		F460FD0A26C58835009732E2 /* MapView.swift in Sources */ = {isa = PBXBuildFile; fileRef = F460FCFB26C58835009732E2 /* MapView.swift */; };
		F460FD0B26C58835009732E2 /* ControlBox.swift in Sources */ = {isa = PBXBuildFile; fileRef = F460FCFC26C58835009732E2 /* ControlBox.swift */; };
		F460FD0C26C58835009732E2 /* ShareView.swift in Sources */ = {isa = PBXBuildFile; fileRef = F460FCFD26C58835009732E2 /* ShareView.swift */; };
		F460FD0D26C58835009732E2 /* RootView.swift in Sources */ = {isa = PBXBuildFile; fileRef = F460FCFE26C58835009732E2 /* RootView.swift */; };
		F460FD0F26C58835009732E2 /* RouteInfo.swift in Sources */ = {isa = PBXBuildFile; fileRef = F460FD0026C58835009732E2 /* RouteInfo.swift */; };
		F460FD1026C58835009732E2 /* RouteBar.swift in Sources */ = {isa = PBXBuildFile; fileRef = F460FD0126C58835009732E2 /* RouteBar.swift */; };
		F460FD1126C58835009732E2 /* Blur.swift in Sources */ = {isa = PBXBuildFile; fileRef = F460FD0226C58835009732E2 /* Blur.swift */; };
		F460FD1726C5883F009732E2 /* TipViewModel.swift in Sources */ = {isa = PBXBuildFile; fileRef = F460FD1426C5883F009732E2 /* TipViewModel.swift */; };
		F460FD1826C5883F009732E2 /* ViewModel.swift in Sources */ = {isa = PBXBuildFile; fileRef = F460FD1526C5883F009732E2 /* ViewModel.swift */; };
		F460FD1926C5883F009732E2 /* PersistenceManager.swift in Sources */ = {isa = PBXBuildFile; fileRef = F460FD1626C5883F009732E2 /* PersistenceManager.swift */; };
		F460FD2326C5884A009732E2 /* Location.swift in Sources */ = {isa = PBXBuildFile; fileRef = F460FD1C26C5884A009732E2 /* Location.swift */; };
		F460FD2426C5884A009732E2 /* SortBy.swift in Sources */ = {isa = PBXBuildFile; fileRef = F460FD1D26C5884A009732E2 /* SortBy.swift */; };
		F460FD2526C5884A009732E2 /* Church.swift in Sources */ = {isa = PBXBuildFile; fileRef = F460FD1E26C5884A009732E2 /* Church.swift */; };
		F460FD2626C5884A009732E2 /* Tip.swift in Sources */ = {isa = PBXBuildFile; fileRef = F460FD1F26C5884A009732E2 /* Tip.swift */; };
		F460FD2726C5884A009732E2 /* DistanceUnit.swift in Sources */ = {isa = PBXBuildFile; fileRef = F460FD2026C5884A009732E2 /* DistanceUnit.swift */; };
		F460FD2826C5884A009732E2 /* Polyline.swift in Sources */ = {isa = PBXBuildFile; fileRef = F460FD2126C5884A009732E2 /* Polyline.swift */; };
		F460FD2926C5884A009732E2 /* Route.swift in Sources */ = {isa = PBXBuildFile; fileRef = F460FD2226C5884A009732E2 /* Route.swift */; };
		F460FD3026C58851009732E2 /* RouteMarker.swift in Sources */ = {isa = PBXBuildFile; fileRef = F460FD2C26C58851009732E2 /* RouteMarker.swift */; };
		F460FD3126C58851009732E2 /* ClusterMarker.swift in Sources */ = {isa = PBXBuildFile; fileRef = F460FD2D26C58851009732E2 /* ClusterMarker.swift */; };
		F460FD3226C58851009732E2 /* LocationMarker.swift in Sources */ = {isa = PBXBuildFile; fileRef = F460FD2E26C58851009732E2 /* LocationMarker.swift */; };
		F460FD3326C58851009732E2 /* ChurchMarker.swift in Sources */ = {isa = PBXBuildFile; fileRef = F460FD2F26C58851009732E2 /* ChurchMarker.swift */; };
		F460FD3726C58856009732E2 /* CLLC2D.swift in Sources */ = {isa = PBXBuildFile; fileRef = F460FD3626C58856009732E2 /* CLLC2D.swift */; };
		F460FD3E26C5C4F2009732E2 /* AdvancedFilters.swift in Sources */ = {isa = PBXBuildFile; fileRef = F460FD3D26C5C4F2009732E2 /* AdvancedFilters.swift */; };
		F460FD4226C5C95D009732E2 /* LoadingState.swift in Sources */ = {isa = PBXBuildFile; fileRef = F460FD4126C5C95D009732E2 /* LoadingState.swift */; };
		F460FD4526C6FB99009732E2 /* UIColor.swift in Sources */ = {isa = PBXBuildFile; fileRef = F460FD4426C6FB99009732E2 /* UIColor.swift */; };
		F460FDAB26C7EF6E009732E2 /* SearchBar.swift in Sources */ = {isa = PBXBuildFile; fileRef = F460FDAA26C7EF6E009732E2 /* SearchBar.swift */; };
/* End PBXBuildFile section */

/* Begin PBXFileReference section */
		F460FCD626C58592009732E2 /* NCCR.app */ = {isa = PBXFileReference; explicitFileType = wrapper.application; includeInIndex = 0; path = NCCR.app; sourceTree = BUILT_PRODUCTS_DIR; };
		F460FCD926C58592009732E2 /* NCCRApp.swift */ = {isa = PBXFileReference; lastKnownFileType = sourcecode.swift; path = NCCRApp.swift; sourceTree = "<group>"; };
		F460FCDD26C58594009732E2 /* Assets.xcassets */ = {isa = PBXFileReference; lastKnownFileType = folder.assetcatalog; path = Assets.xcassets; sourceTree = "<group>"; };
		F460FCE226C58594009732E2 /* Info.plist */ = {isa = PBXFileReference; lastKnownFileType = text.plist.xml; path = Info.plist; sourceTree = "<group>"; };
		F460FCED26C58615009732E2 /* Main.xcdatamodel */ = {isa = PBXFileReference; lastKnownFileType = wrapper.xcdatamodel; path = Main.xcdatamodel; sourceTree = "<group>"; };
		F460FCF426C58835009732E2 /* AboutView.swift */ = {isa = PBXFileReference; fileEncoding = 4; lastKnownFileType = sourcecode.swift; path = AboutView.swift; sourceTree = "<group>"; };
		F460FCF526C58835009732E2 /* MapSettings.swift */ = {isa = PBXFileReference; fileEncoding = 4; lastKnownFileType = sourcecode.swift; path = MapSettings.swift; sourceTree = "<group>"; };
		F460FCF626C58835009732E2 /* ActionBar.swift */ = {isa = PBXFileReference; fileEncoding = 4; lastKnownFileType = sourcecode.swift; path = ActionBar.swift; sourceTree = "<group>"; };
		F460FCF726C58835009732E2 /* TipView.swift */ = {isa = PBXFileReference; fileEncoding = 4; lastKnownFileType = sourcecode.swift; path = TipView.swift; sourceTree = "<group>"; };
		F460FCF826C58835009732E2 /* SettingsView.swift */ = {isa = PBXFileReference; fileEncoding = 4; lastKnownFileType = sourcecode.swift; path = SettingsView.swift; sourceTree = "<group>"; };
		F460FCF926C58835009732E2 /* InfoView.swift */ = {isa = PBXFileReference; fileEncoding = 4; lastKnownFileType = sourcecode.swift; path = InfoView.swift; sourceTree = "<group>"; };
		F460FCFA26C58835009732E2 /* Spinner.swift */ = {isa = PBXFileReference; fileEncoding = 4; lastKnownFileType = sourcecode.swift; path = Spinner.swift; sourceTree = "<group>"; };
		F460FCFB26C58835009732E2 /* MapView.swift */ = {isa = PBXFileReference; fileEncoding = 4; lastKnownFileType = sourcecode.swift; path = MapView.swift; sourceTree = "<group>"; };
		F460FCFC26C58835009732E2 /* ControlBox.swift */ = {isa = PBXFileReference; fileEncoding = 4; lastKnownFileType = sourcecode.swift; path = ControlBox.swift; sourceTree = "<group>"; };
		F460FCFD26C58835009732E2 /* ShareView.swift */ = {isa = PBXFileReference; fileEncoding = 4; lastKnownFileType = sourcecode.swift; path = ShareView.swift; sourceTree = "<group>"; };
		F460FCFE26C58835009732E2 /* RootView.swift */ = {isa = PBXFileReference; fileEncoding = 4; lastKnownFileType = sourcecode.swift; path = RootView.swift; sourceTree = "<group>"; };
		F460FD0026C58835009732E2 /* RouteInfo.swift */ = {isa = PBXFileReference; fileEncoding = 4; lastKnownFileType = sourcecode.swift; path = RouteInfo.swift; sourceTree = "<group>"; };
		F460FD0126C58835009732E2 /* RouteBar.swift */ = {isa = PBXFileReference; fileEncoding = 4; lastKnownFileType = sourcecode.swift; path = RouteBar.swift; sourceTree = "<group>"; };
		F460FD0226C58835009732E2 /* Blur.swift */ = {isa = PBXFileReference; fileEncoding = 4; lastKnownFileType = sourcecode.swift; path = Blur.swift; sourceTree = "<group>"; };
		F460FD1426C5883F009732E2 /* TipViewModel.swift */ = {isa = PBXFileReference; fileEncoding = 4; lastKnownFileType = sourcecode.swift; path = TipViewModel.swift; sourceTree = "<group>"; };
		F460FD1526C5883F009732E2 /* ViewModel.swift */ = {isa = PBXFileReference; fileEncoding = 4; lastKnownFileType = sourcecode.swift; path = ViewModel.swift; sourceTree = "<group>"; };
		F460FD1626C5883F009732E2 /* PersistenceManager.swift */ = {isa = PBXFileReference; fileEncoding = 4; lastKnownFileType = sourcecode.swift; path = PersistenceManager.swift; sourceTree = "<group>"; };
		F460FD1C26C5884A009732E2 /* Location.swift */ = {isa = PBXFileReference; fileEncoding = 4; lastKnownFileType = sourcecode.swift; path = Location.swift; sourceTree = "<group>"; };
		F460FD1D26C5884A009732E2 /* SortBy.swift */ = {isa = PBXFileReference; fileEncoding = 4; lastKnownFileType = sourcecode.swift; path = SortBy.swift; sourceTree = "<group>"; };
		F460FD1E26C5884A009732E2 /* Church.swift */ = {isa = PBXFileReference; fileEncoding = 4; lastKnownFileType = sourcecode.swift; path = Church.swift; sourceTree = "<group>"; };
		F460FD1F26C5884A009732E2 /* Tip.swift */ = {isa = PBXFileReference; fileEncoding = 4; lastKnownFileType = sourcecode.swift; path = Tip.swift; sourceTree = "<group>"; };
		F460FD2026C5884A009732E2 /* DistanceUnit.swift */ = {isa = PBXFileReference; fileEncoding = 4; lastKnownFileType = sourcecode.swift; path = DistanceUnit.swift; sourceTree = "<group>"; };
		F460FD2126C5884A009732E2 /* Polyline.swift */ = {isa = PBXFileReference; fileEncoding = 4; lastKnownFileType = sourcecode.swift; path = Polyline.swift; sourceTree = "<group>"; };
		F460FD2226C5884A009732E2 /* Route.swift */ = {isa = PBXFileReference; fileEncoding = 4; lastKnownFileType = sourcecode.swift; path = Route.swift; sourceTree = "<group>"; };
		F460FD2C26C58851009732E2 /* RouteMarker.swift */ = {isa = PBXFileReference; fileEncoding = 4; lastKnownFileType = sourcecode.swift; path = RouteMarker.swift; sourceTree = "<group>"; };
		F460FD2D26C58851009732E2 /* ClusterMarker.swift */ = {isa = PBXFileReference; fileEncoding = 4; lastKnownFileType = sourcecode.swift; path = ClusterMarker.swift; sourceTree = "<group>"; };
		F460FD2E26C58851009732E2 /* LocationMarker.swift */ = {isa = PBXFileReference; fileEncoding = 4; lastKnownFileType = sourcecode.swift; path = LocationMarker.swift; sourceTree = "<group>"; };
		F460FD2F26C58851009732E2 /* ChurchMarker.swift */ = {isa = PBXFileReference; fileEncoding = 4; lastKnownFileType = sourcecode.swift; path = ChurchMarker.swift; sourceTree = "<group>"; };
		F460FD3626C58856009732E2 /* CLLC2D.swift */ = {isa = PBXFileReference; fileEncoding = 4; lastKnownFileType = sourcecode.swift; path = CLLC2D.swift; sourceTree = "<group>"; };
		F460FD3D26C5C4F2009732E2 /* AdvancedFilters.swift */ = {isa = PBXFileReference; lastKnownFileType = sourcecode.swift; path = AdvancedFilters.swift; sourceTree = "<group>"; };
		F460FD4126C5C95D009732E2 /* LoadingState.swift */ = {isa = PBXFileReference; lastKnownFileType = sourcecode.swift; path = LoadingState.swift; sourceTree = "<group>"; };
		F460FD4426C6FB99009732E2 /* UIColor.swift */ = {isa = PBXFileReference; lastKnownFileType = sourcecode.swift; path = UIColor.swift; sourceTree = "<group>"; };
		F460FDAA26C7EF6E009732E2 /* SearchBar.swift */ = {isa = PBXFileReference; lastKnownFileType = sourcecode.swift; path = SearchBar.swift; sourceTree = "<group>"; };
/* End PBXFileReference section */

/* Begin PBXFrameworksBuildPhase section */
		F460FCD326C58592009732E2 /* Frameworks */ = {
			isa = PBXFrameworksBuildPhase;
			buildActionMask = 2147483647;
			files = (
			);
			runOnlyForDeploymentPostprocessing = 0;
		};
/* End PBXFrameworksBuildPhase section */

/* Begin PBXGroup section */
		F460FCCD26C58592009732E2 = {
			isa = PBXGroup;
			children = (
				F460FCD826C58592009732E2 /* NCCR */,
				F460FCD726C58592009732E2 /* Products */,
			);
			sourceTree = "<group>";
		};
		F460FCD726C58592009732E2 /* Products */ = {
			isa = PBXGroup;
			children = (
				F460FCD626C58592009732E2 /* NCCR.app */,
			);
			name = Products;
			sourceTree = "<group>";
		};
		F460FCD826C58592009732E2 /* NCCR */ = {
			isa = PBXGroup;
			children = (
				F460FCD926C58592009732E2 /* NCCRApp.swift */,
				F460FCDD26C58594009732E2 /* Assets.xcassets */,
				F460FCE226C58594009732E2 /* Info.plist */,
				F460FCEC26C58615009732E2 /* Main.xcdatamodeld */,
				F460FCF326C58835009732E2 /* Views */,
				F460FD1326C5883F009732E2 /* View Models */,
				F460FD1B26C5884A009732E2 /* Models */,
				F460FD2B26C58851009732E2 /* Annotation Views */,
				F460FD3526C58856009732E2 /* Extensions */,
			);
			path = NCCR;
			sourceTree = "<group>";
		};
		F460FCF326C58835009732E2 /* Views */ = {
			isa = PBXGroup;
			children = (
				F460FCFE26C58835009732E2 /* RootView.swift */,
				F460FCFB26C58835009732E2 /* MapView.swift */,
				F460FCF526C58835009732E2 /* MapSettings.swift */,
				F460FCFC26C58835009732E2 /* ControlBox.swift */,
				F460FCF626C58835009732E2 /* ActionBar.swift */,
				F460FCF826C58835009732E2 /* SettingsView.swift */,
				F460FD3D26C5C4F2009732E2 /* AdvancedFilters.swift */,
				F460FCF926C58835009732E2 /* InfoView.swift */,
				F460FCF426C58835009732E2 /* AboutView.swift */,
				F460FCF726C58835009732E2 /* TipView.swift */,
				F460FD0126C58835009732E2 /* RouteBar.swift */,
				F460FD0026C58835009732E2 /* RouteInfo.swift */,
				F460FCFD26C58835009732E2 /* ShareView.swift */,
				F460FDAA26C7EF6E009732E2 /* SearchBar.swift */,
				F460FCFA26C58835009732E2 /* Spinner.swift */,
				F460FD0226C58835009732E2 /* Blur.swift */,
			);
			path = Views;
			sourceTree = "<group>";
		};
		F460FD1326C5883F009732E2 /* View Models */ = {
			isa = PBXGroup;
			children = (
				F460FD1526C5883F009732E2 /* ViewModel.swift */,
				F460FD1426C5883F009732E2 /* TipViewModel.swift */,
				F460FD1626C5883F009732E2 /* PersistenceManager.swift */,
			);
			path = "View Models";
			sourceTree = "<group>";
		};
		F460FD1B26C5884A009732E2 /* Models */ = {
			isa = PBXGroup;
			children = (
				F460FD2226C5884A009732E2 /* Route.swift */,
				F460FD1C26C5884A009732E2 /* Location.swift */,
				F460FD1E26C5884A009732E2 /* Church.swift */,
				F460FD1D26C5884A009732E2 /* SortBy.swift */,
				F460FD1F26C5884A009732E2 /* Tip.swift */,
				F460FD2026C5884A009732E2 /* DistanceUnit.swift */,
				F460FD2126C5884A009732E2 /* Polyline.swift */,
				F460FD4126C5C95D009732E2 /* LoadingState.swift */,
			);
			path = Models;
			sourceTree = "<group>";
		};
		F460FD2B26C58851009732E2 /* Annotation Views */ = {
			isa = PBXGroup;
			children = (
				F460FD2C26C58851009732E2 /* RouteMarker.swift */,
				F460FD2F26C58851009732E2 /* ChurchMarker.swift */,
				F460FD2E26C58851009732E2 /* LocationMarker.swift */,
				F460FD2D26C58851009732E2 /* ClusterMarker.swift */,
			);
			path = "Annotation Views";
			sourceTree = "<group>";
		};
		F460FD3526C58856009732E2 /* Extensions */ = {
			isa = PBXGroup;
			children = (
				F460FD3626C58856009732E2 /* CLLC2D.swift */,
				F460FD4426C6FB99009732E2 /* UIColor.swift */,
			);
			path = Extensions;
			sourceTree = "<group>";
		};
/* End PBXGroup section */

/* Begin PBXNativeTarget section */
		F460FCD526C58592009732E2 /* NCCR */ = {
			isa = PBXNativeTarget;
			buildConfigurationList = F460FCE526C58594009732E2 /* Build configuration list for PBXNativeTarget "NCCR" */;
			buildPhases = (
				F460FCD226C58592009732E2 /* Sources */,
				F460FCD326C58592009732E2 /* Frameworks */,
				F460FCD426C58592009732E2 /* Resources */,
			);
			buildRules = (
			);
			dependencies = (
			);
			name = NCCR;
			productName = NCCR;
			productReference = F460FCD626C58592009732E2 /* NCCR.app */;
			productType = "com.apple.product-type.application";
		};
/* End PBXNativeTarget section */

/* Begin PBXProject section */
		F460FCCE26C58592009732E2 /* Project object */ = {
			isa = PBXProject;
			attributes = {
				LastSwiftUpdateCheck = 1240;
				LastUpgradeCheck = 1240;
				TargetAttributes = {
					F460FCD526C58592009732E2 = {
						CreatedOnToolsVersion = 12.4;
					};
				};
			};
			buildConfigurationList = F460FCD126C58592009732E2 /* Build configuration list for PBXProject "NCCR" */;
			compatibilityVersion = "Xcode 13.0";
			developmentRegion = en;
			hasScannedForEncodings = 0;
			knownRegions = (
				en,
				Base,
			);
			mainGroup = F460FCCD26C58592009732E2;
			productRefGroup = F460FCD726C58592009732E2 /* Products */;
			projectDirPath = "";
			projectRoot = "";
			targets = (
				F460FCD526C58592009732E2 /* NCCR */,
			);
		};
/* End PBXProject section */

/* Begin PBXResourcesBuildPhase section */
		F460FCD426C58592009732E2 /* Resources */ = {
			isa = PBXResourcesBuildPhase;
			buildActionMask = 2147483647;
			files = (
				F460FCDE26C58594009732E2 /* Assets.xcassets in Resources */,
			);
			runOnlyForDeploymentPostprocessing = 0;
		};
/* End PBXResourcesBuildPhase section */

/* Begin PBXSourcesBuildPhase section */
		F460FCD226C58592009732E2 /* Sources */ = {
			isa = PBXSourcesBuildPhase;
			buildActionMask = 2147483647;
			files = (
				F460FD0C26C58835009732E2 /* ShareView.swift in Sources */,
				F460FD0826C58835009732E2 /* InfoView.swift in Sources */,
				F460FD0926C58835009732E2 /* Spinner.swift in Sources */,
				F460FD0726C58835009732E2 /* SettingsView.swift in Sources */,
				F460FD2726C5884A009732E2 /* DistanceUnit.swift in Sources */,
				F460FD1726C5883F009732E2 /* TipViewModel.swift in Sources */,
				F460FD3326C58851009732E2 /* ChurchMarker.swift in Sources */,
				F460FDAB26C7EF6E009732E2 /* SearchBar.swift in Sources */,
				F460FCEE26C58615009732E2 /* Main.xcdatamodeld in Sources */,
				F460FD0326C58835009732E2 /* AboutView.swift in Sources */,
				F460FD1126C58835009732E2 /* Blur.swift in Sources */,
				F460FD2826C5884A009732E2 /* Polyline.swift in Sources */,
				F460FD0626C58835009732E2 /* TipView.swift in Sources */,
				F460FD3126C58851009732E2 /* ClusterMarker.swift in Sources */,
				F460FD2626C5884A009732E2 /* Tip.swift in Sources */,
				F460FD0F26C58835009732E2 /* RouteInfo.swift in Sources */,
				F460FD3226C58851009732E2 /* LocationMarker.swift in Sources */,
				F460FD1926C5883F009732E2 /* PersistenceManager.swift in Sources */,
				F460FD4226C5C95D009732E2 /* LoadingState.swift in Sources */,
				F460FD2426C5884A009732E2 /* SortBy.swift in Sources */,
				F460FD1826C5883F009732E2 /* ViewModel.swift in Sources */,
				F460FD2526C5884A009732E2 /* Church.swift in Sources */,
				F460FD2926C5884A009732E2 /* Route.swift in Sources */,
				F460FD2326C5884A009732E2 /* Location.swift in Sources */,
				F460FD0526C58835009732E2 /* ActionBar.swift in Sources */,
				F460FD3026C58851009732E2 /* RouteMarker.swift in Sources */,
				F460FD0A26C58835009732E2 /* MapView.swift in Sources */,
				F460FD0D26C58835009732E2 /* RootView.swift in Sources */,
				F460FD3726C58856009732E2 /* CLLC2D.swift in Sources */,
				F460FD4526C6FB99009732E2 /* UIColor.swift in Sources */,
				F460FCDA26C58592009732E2 /* NCCRApp.swift in Sources */,
				F460FD1026C58835009732E2 /* RouteBar.swift in Sources */,
				F460FD3E26C5C4F2009732E2 /* AdvancedFilters.swift in Sources */,
				F460FD0B26C58835009732E2 /* ControlBox.swift in Sources */,
				F460FD0426C58835009732E2 /* MapSettings.swift in Sources */,
			);
			runOnlyForDeploymentPostprocessing = 0;
		};
/* End PBXSourcesBuildPhase section */

/* Begin XCBuildConfiguration section */
		F460FCE326C58594009732E2 /* Debug */ = {
			isa = XCBuildConfiguration;
			buildSettings = {
				ALWAYS_SEARCH_USER_PATHS = NO;
				CLANG_ANALYZER_NONNULL = YES;
				CLANG_ANALYZER_NUMBER_OBJECT_CONVERSION = YES_AGGRESSIVE;
				CLANG_CXX_LANGUAGE_STANDARD = "gnu++14";
				CLANG_CXX_LIBRARY = "libc++";
				CLANG_ENABLE_MODULES = YES;
				CLANG_ENABLE_OBJC_ARC = YES;
				CLANG_ENABLE_OBJC_WEAK = YES;
				CLANG_WARN_BLOCK_CAPTURE_AUTORELEASING = YES;
				CLANG_WARN_BOOL_CONVERSION = YES;
				CLANG_WARN_COMMA = YES;
				CLANG_WARN_CONSTANT_CONVERSION = YES;
				CLANG_WARN_DEPRECATED_OBJC_IMPLEMENTATIONS = YES;
				CLANG_WARN_DIRECT_OBJC_ISA_USAGE = YES_ERROR;
				CLANG_WARN_DOCUMENTATION_COMMENTS = YES;
				CLANG_WARN_EMPTY_BODY = YES;
				CLANG_WARN_ENUM_CONVERSION = YES;
				CLANG_WARN_INFINITE_RECURSION = YES;
				CLANG_WARN_INT_CONVERSION = YES;
				CLANG_WARN_NON_LITERAL_NULL_CONVERSION = YES;
				CLANG_WARN_OBJC_IMPLICIT_RETAIN_SELF = YES;
				CLANG_WARN_OBJC_LITERAL_CONVERSION = YES;
				CLANG_WARN_OBJC_ROOT_CLASS = YES_ERROR;
				CLANG_WARN_QUOTED_INCLUDE_IN_FRAMEWORK_HEADER = YES;
				CLANG_WARN_RANGE_LOOP_ANALYSIS = YES;
				CLANG_WARN_STRICT_PROTOTYPES = YES;
				CLANG_WARN_SUSPICIOUS_MOVE = YES;
				CLANG_WARN_UNGUARDED_AVAILABILITY = YES_AGGRESSIVE;
				CLANG_WARN_UNREACHABLE_CODE = YES;
				CLANG_WARN__DUPLICATE_METHOD_MATCH = YES;
				COPY_PHASE_STRIP = NO;
				DEBUG_INFORMATION_FORMAT = dwarf;
				ENABLE_STRICT_OBJC_MSGSEND = YES;
				ENABLE_TESTABILITY = YES;
				GCC_C_LANGUAGE_STANDARD = gnu11;
				GCC_DYNAMIC_NO_PIC = NO;
				GCC_NO_COMMON_BLOCKS = YES;
				GCC_OPTIMIZATION_LEVEL = 0;
				GCC_PREPROCESSOR_DEFINITIONS = (
					"DEBUG=1",
					"$(inherited)",
				);
				GCC_WARN_64_TO_32_BIT_CONVERSION = YES;
				GCC_WARN_ABOUT_RETURN_TYPE = YES_ERROR;
				GCC_WARN_UNDECLARED_SELECTOR = YES;
				GCC_WARN_UNINITIALIZED_AUTOS = YES_AGGRESSIVE;
				GCC_WARN_UNUSED_FUNCTION = YES;
				GCC_WARN_UNUSED_VARIABLE = YES;
				IPHONEOS_DEPLOYMENT_TARGET = 14.4;
				MTL_ENABLE_DEBUG_INFO = INCLUDE_SOURCE;
				MTL_FAST_MATH = YES;
				ONLY_ACTIVE_ARCH = YES;
				SDKROOT = iphoneos;
				SWIFT_ACTIVE_COMPILATION_CONDITIONS = DEBUG;
				SWIFT_OPTIMIZATION_LEVEL = "-Onone";
			};
			name = Debug;
		};
		F460FCE426C58594009732E2 /* Release */ = {
			isa = XCBuildConfiguration;
			buildSettings = {
				ALWAYS_SEARCH_USER_PATHS = NO;
				CLANG_ANALYZER_NONNULL = YES;
				CLANG_ANALYZER_NUMBER_OBJECT_CONVERSION = YES_AGGRESSIVE;
				CLANG_CXX_LANGUAGE_STANDARD = "gnu++14";
				CLANG_CXX_LIBRARY = "libc++";
				CLANG_ENABLE_MODULES = YES;
				CLANG_ENABLE_OBJC_ARC = YES;
				CLANG_ENABLE_OBJC_WEAK = YES;
				CLANG_WARN_BLOCK_CAPTURE_AUTORELEASING = YES;
				CLANG_WARN_BOOL_CONVERSION = YES;
				CLANG_WARN_COMMA = YES;
				CLANG_WARN_CONSTANT_CONVERSION = YES;
				CLANG_WARN_DEPRECATED_OBJC_IMPLEMENTATIONS = YES;
				CLANG_WARN_DIRECT_OBJC_ISA_USAGE = YES_ERROR;
				CLANG_WARN_DOCUMENTATION_COMMENTS = YES;
				CLANG_WARN_EMPTY_BODY = YES;
				CLANG_WARN_ENUM_CONVERSION = YES;
				CLANG_WARN_INFINITE_RECURSION = YES;
				CLANG_WARN_INT_CONVERSION = YES;
				CLANG_WARN_NON_LITERAL_NULL_CONVERSION = YES;
				CLANG_WARN_OBJC_IMPLICIT_RETAIN_SELF = YES;
				CLANG_WARN_OBJC_LITERAL_CONVERSION = YES;
				CLANG_WARN_OBJC_ROOT_CLASS = YES_ERROR;
				CLANG_WARN_QUOTED_INCLUDE_IN_FRAMEWORK_HEADER = YES;
				CLANG_WARN_RANGE_LOOP_ANALYSIS = YES;
				CLANG_WARN_STRICT_PROTOTYPES = YES;
				CLANG_WARN_SUSPICIOUS_MOVE = YES;
				CLANG_WARN_UNGUARDED_AVAILABILITY = YES_AGGRESSIVE;
				CLANG_WARN_UNREACHABLE_CODE = YES;
				CLANG_WARN__DUPLICATE_METHOD_MATCH = YES;
				COPY_PHASE_STRIP = NO;
				DEBUG_INFORMATION_FORMAT = "dwarf-with-dsym";
				ENABLE_NS_ASSERTIONS = NO;
				ENABLE_STRICT_OBJC_MSGSEND = YES;
				GCC_C_LANGUAGE_STANDARD = gnu11;
				GCC_NO_COMMON_BLOCKS = YES;
				GCC_WARN_64_TO_32_BIT_CONVERSION = YES;
				GCC_WARN_ABOUT_RETURN_TYPE = YES_ERROR;
				GCC_WARN_UNDECLARED_SELECTOR = YES;
				GCC_WARN_UNINITIALIZED_AUTOS = YES_AGGRESSIVE;
				GCC_WARN_UNUSED_FUNCTION = YES;
				GCC_WARN_UNUSED_VARIABLE = YES;
				IPHONEOS_DEPLOYMENT_TARGET = 14.4;
				MTL_ENABLE_DEBUG_INFO = NO;
				MTL_FAST_MATH = YES;
				SDKROOT = iphoneos;
				SWIFT_COMPILATION_MODE = wholemodule;
				SWIFT_OPTIMIZATION_LEVEL = "-O";
				VALIDATE_PRODUCT = YES;
			};
			name = Release;
		};
		F460FCE626C58594009732E2 /* Debug */ = {
			isa = XCBuildConfiguration;
			buildSettings = {
				ASSETCATALOG_COMPILER_APPICON_NAME = AppIcon;
				ASSETCATALOG_COMPILER_GLOBAL_ACCENT_COLOR_NAME = AccentColor;
				CODE_SIGN_IDENTITY = "Apple Development";
				CODE_SIGN_STYLE = Automatic;
				CURRENT_PROJECT_VERSION = 2;
				DEVELOPMENT_ASSET_PATHS = "";
				DEVELOPMENT_TEAM = T4L8JBB88A;
				ENABLE_PREVIEWS = YES;
				INFOPLIST_FILE = NCCR/Info.plist;
				IPHONEOS_DEPLOYMENT_TARGET = 14.0;
				LD_RUNPATH_SEARCH_PATHS = (
					"$(inherited)",
					"@executable_path/Frameworks",
				);
				MARKETING_VERSION = 0.1.0;
				PRODUCT_BUNDLE_IDENTIFIER = com.jackfinnis.NCCR;
				PRODUCT_NAME = "$(TARGET_NAME)";
				PROVISIONING_PROFILE_SPECIFIER = "";
				SWIFT_VERSION = 5.0;
				TARGETED_DEVICE_FAMILY = "1,2";
			};
			name = Debug;
		};
		F460FCE726C58594009732E2 /* Release */ = {
			isa = XCBuildConfiguration;
			buildSettings = {
				ASSETCATALOG_COMPILER_APPICON_NAME = AppIcon;
				ASSETCATALOG_COMPILER_GLOBAL_ACCENT_COLOR_NAME = AccentColor;
				CODE_SIGN_IDENTITY = "Apple Development";
				CODE_SIGN_STYLE = Automatic;
				CURRENT_PROJECT_VERSION = 2;
				DEVELOPMENT_ASSET_PATHS = "";
				DEVELOPMENT_TEAM = T4L8JBB88A;
				ENABLE_PREVIEWS = YES;
				INFOPLIST_FILE = NCCR/Info.plist;
				IPHONEOS_DEPLOYMENT_TARGET = 14.0;
				LD_RUNPATH_SEARCH_PATHS = (
					"$(inherited)",
					"@executable_path/Frameworks",
				);
				MARKETING_VERSION = 0.1.0;
				PRODUCT_BUNDLE_IDENTIFIER = com.jackfinnis.NCCR;
				PRODUCT_NAME = "$(TARGET_NAME)";
				PROVISIONING_PROFILE_SPECIFIER = "";
				SWIFT_VERSION = 5.0;
				TARGETED_DEVICE_FAMILY = "1,2";
			};
			name = Release;
		};
/* End XCBuildConfiguration section */

/* Begin XCConfigurationList section */
		F460FCD126C58592009732E2 /* Build configuration list for PBXProject "NCCR" */ = {
			isa = XCConfigurationList;
			buildConfigurations = (
				F460FCE326C58594009732E2 /* Debug */,
				F460FCE426C58594009732E2 /* Release */,
			);
			defaultConfigurationIsVisible = 0;
			defaultConfigurationName = Release;
		};
		F460FCE526C58594009732E2 /* Build configuration list for PBXNativeTarget "NCCR" */ = {
			isa = XCConfigurationList;
			buildConfigurations = (
				F460FCE626C58594009732E2 /* Debug */,
				F460FCE726C58594009732E2 /* Release */,
			);
			defaultConfigurationIsVisible = 0;
			defaultConfigurationName = Release;
		};
/* End XCConfigurationList section */

/* Begin XCVersionGroup section */
		F460FCEC26C58615009732E2 /* Main.xcdatamodeld */ = {
			isa = XCVersionGroup;
			children = (
				F460FCED26C58615009732E2 /* Main.xcdatamodel */,
			);
			currentVersion = F460FCED26C58615009732E2 /* Main.xcdatamodel */;
			path = Main.xcdatamodeld;
			sourceTree = "<group>";
			versionGroupType = wrapper.xcdatamodel;
		};
/* End XCVersionGroup section */
	};
	rootObject = F460FCCE26C58592009732E2 /* Project object */;
}
